schema: '2.0'
stages:
  process:
    cmd: python src/preprocess.py --pca 1
    deps:
    - path: data/stocks.csv
      md5: 087eade32eaee5ebb2a2b4fed5878843
      size: 574862
    - path: src/preprocess.py
      md5: dcb158a84ed45840594647eed098deb2
      size: 2333
    outs:
    - path: data/data_preprocessed.csv
      md5: dae19225d0056d94b872552e4c0432e2
      size: 189950
    - path: data/processed_df.csv
      md5: 8be5e03f337c1a0d073bbd97369e40a0
      size: 53872
  train:
    cmd: python src/train.py
    deps:
    - path: data/data_preprocessed.csv
      md5: dae19225d0056d94b872552e4c0432e2
      size: 189950
    - path: data/processed_df.csv
      md5: 8be5e03f337c1a0d073bbd97369e40a0
      size: 53872
    - path: src/train.py
      md5: 4310c4f9f319c447862492e65c328584
      size: 1982
    outs:
    - path: model/metrics.json
      md5: ec769fa709ca346f88709e7abd7fc56e
      size: 96
    - path: plots/cdistribution.jpeg
      md5: 933d130e55b432c662943c204163226f
      size: 42905
    - path: plots/clustered_timeseries.jpeg
      md5: f0343d51d8c5e155ffcef057bc99f89e
      size: 864997
