schema: '2.0'
stages:
  process:
    cmd: python src/preprocess.py --dimrec 1
    deps:
    - path: data/stocks.csv
      md5: 2065896b37e4f2f511e77a14cda59573
      size: 575604
    - path: src/preprocess.py
      md5: 9b1a94b0ec7cf2c457b066a7973ec27b
      size: 1854
    outs:
    - path: data/data_preprocessed.csv
      md5: 9424cc07cd38819eebd86f244a4b0180
      size: 17500
    - path: data/processed_df.csv
      md5: 162d1eab79760658c0bdff667400d5a9
      size: 118903
    - path: plots/timeseries.jpeg
      md5: 1126143dc6384db89f6334e52e1d06d4
      size: 954120
  train:
    cmd: python src/train.py
    deps:
    - path: data/data_preprocessed.csv
      md5: 9424cc07cd38819eebd86f244a4b0180
      size: 17500
    - path: data/processed_df.csv
      md5: 162d1eab79760658c0bdff667400d5a9
      size: 118903
    - path: src/train.py
      md5: ffe27bd06d0fda9e41a4f7b04be9eedd
      size: 2402
    outs:
    - path: model/metrics.json
      md5: 1d074b5ff5109670acffc478fcb042a3
      size: 97
    - path: plots/cdistribution.jpeg
      md5: c86d01f1dfac4db89a8690e0a4c981df
      size: 32505
    - path: plots/clustered_timeseries.jpeg
      md5: d02041c3ac2391a6bbe6461d5e878ff2
      size: 1034212
    - path: plots/clusters.jpeg
      md5: 2f8f5e8349e5870443e4a3178b525a29
      size: 97344
